Microsoft Visual Studio Solution File, Format Version 12.00
# Visual Studio Version 18
VisualStudioVersion = 18.0.11217.181
MinimumVisualStudioVersion = 10.0.40219.1
Project("{8BC9CEB8-8B4A-11D0-8D11-00A0C91BC942}") = "MilkwaveVisualizer", "Visualizer\milkwave\plugin.vcxproj", "{881FB534-7396-485A-ADC2-6FBEBED7A0F4}"
EndProject
Project("{FAE04EC0-301F-11D3-BF4B-00C04F79EFBC}") = "MilkwaveRemote", "Remote\MilkwaveRemote.csproj", "{59EA3714-8B12-3D49-A5DD-54FD9B0BA628}"
	ProjectSection(ProjectDependencies) = postProject
		{881FB534-7396-485A-ADC2-6FBEBED7A0F4} = {881FB534-7396-485A-ADC2-6FBEBED7A0F4}
	EndProjectSection
EndProject
Project("{2150E333-8FDC-42A3-9474-1A3956D46DE8}") = "Solution Items", "Solution Items", "{8EC462FD-D22E-90A8-E5CE-7E832BA40C5D}"
	ProjectSection(SolutionItems) = preProject
		Build\1-copy-presets-beatdrop-to-release.cmd = Build\1-copy-presets-beatdrop-to-release.cmd
		Build\2-copy-presets-release-to-visualizer.cmd = Build\2-copy-presets-release-to-visualizer.cmd
		Changes.md = Changes.md
		Build\controller-remote.json = Build\controller-remote.json
		Manual.md = Manual.md
		Build\messages.ini = Build\messages.ini
		Install\Milkwave.nsi = Install\Milkwave.nsi
		Build\notes.md = Build\notes.md
		Build\plan.md = Build\plan.md
		Build\precompile.txt = Build\precompile.txt
		README.md = README.md
		Build\README.txt = Build\README.txt
		Install\release-zip-minimal.cmd = Install\release-zip-minimal.cmd
		Install\release-zip.cmd = Install\release-zip.cmd
		Build\release.cmd = Build\release.cmd
		Build\script-default.txt = Build\script-default.txt
		Build\settings-remote.json = Build\settings-remote.json
		Build\settings.ini = Build\settings.ini
		Build\sprites.ini = Build\sprites.ini
		Build\visualizer-keys.txt = Build\visualizer-keys.txt
	EndProjectSection
EndProject
Global
	GlobalSection(SolutionConfigurationPlatforms) = preSolution
		Debug|Win32 = Debug|Win32
		Release|Win32 = Release|Win32
	EndGlobalSection
	GlobalSection(ProjectConfigurationPlatforms) = postSolution
		{881FB534-7396-485A-ADC2-6FBEBED7A0F4}.Debug|Win32.ActiveCfg = Debug|Win32
		{881FB534-7396-485A-ADC2-6FBEBED7A0F4}.Debug|Win32.Build.0 = Debug|Win32
		{881FB534-7396-485A-ADC2-6FBEBED7A0F4}.Release|Win32.ActiveCfg = Release|Win32
		{881FB534-7396-485A-ADC2-6FBEBED7A0F4}.Release|Win32.Build.0 = Release|Win32
		{59EA3714-8B12-3D49-A5DD-54FD9B0BA628}.Debug|Win32.ActiveCfg = Debug|Any CPU
		{59EA3714-8B12-3D49-A5DD-54FD9B0BA628}.Debug|Win32.Build.0 = Debug|Any CPU
		{59EA3714-8B12-3D49-A5DD-54FD9B0BA628}.Release|Win32.ActiveCfg = Release|Any CPU
		{59EA3714-8B12-3D49-A5DD-54FD9B0BA628}.Release|Win32.Build.0 = Release|Any CPU
	EndGlobalSection
	GlobalSection(SolutionProperties) = preSolution
		HideSolutionNode = FALSE
	EndGlobalSection
	GlobalSection(ExtensibilityGlobals) = postSolution
		SolutionGuid = {E80B7573-1C36-4BEF-A30D-CA05CE7EDD9B}
	EndGlobalSection
EndGlobal
